<?xml version="1.0" encoding="utf-8"?>
<Project ToolsVersion="4.0" xmlns="http://schemas.microsoft.com/developer/msbuild/2003">
  <ItemGroup>
    <Filter Include="include">
      <UniqueIdentifier>{2ffaa55e-2d39-473c-a32f-ace81ec4125e}</UniqueIdentifier>
      <Extensions>h;hh;hpp;hxx;hm;inl;inc;xsd</Extensions>
    </Filter>
    <Filter Include="src">
      <UniqueIdentifier>{4FC737F1-C7A5-4376-A066-2A32D752A2FF}</UniqueIdentifier>
      <Extensions>cpp;c;cc;cxx;def;odl;idl;hpj;bat;asm;asmx</Extensions>
    </Filter>
    <Filter Include="internal">
      <UniqueIdentifier>{35090428-712b-4f1b-af89-a4bedb01bb6a}</UniqueIdentifier>
    </Filter>
    <Filter Include="include\Map">
      <UniqueIdentifier>{74b8df86-2f9f-432b-82b8-d0e55f3ce1dc}</UniqueIdentifier>
    </Filter>
    <Filter Include="src\Map">
      <UniqueIdentifier>{f2569ab0-8bc3-4bf1-b314-e1edf8374ddd}</UniqueIdentifier>
    </Filter>
    <Filter Include="include\Widget">
      <UniqueIdentifier>{7a13f79b-44ca-4755-a308-26116f69637a}</UniqueIdentifier>
    </Filter>
    <Filter Include="src\Widget">
      <UniqueIdentifier>{7a4e3448-3a69-48ac-bfec-ba99611e8254}</UniqueIdentifier>
    </Filter>
  </ItemGroup>
  <ItemGroup>
    <ClInclude Include="..\include\tGis_wxGui.h">
      <Filter>include</Filter>
    </ClInclude>
    <ClInclude Include="..\include\tGis_wxGuiCfg.h">
      <Filter>include</Filter>
    </ClInclude>
    <ClInclude Include="..\include\wxTGisApplication.h">
      <Filter>include</Filter>
    </ClInclude>
    <ClInclude Include="..\internal\RgbLayerRenderCtrlBase.h">
      <Filter>internal</Filter>
    </ClInclude>
    <ClInclude Include="..\internal\RgbLayerRenderCtrl.h">
      <Filter>internal</Filter>
    </ClInclude>
    <ClInclude Include="..\internal\ILayerRenderCtrl.h">
      <Filter>internal</Filter>
    </ClInclude>
    <ClInclude Include="..\internal\GrayScaleLayerRenderCtrl.h">
      <Filter>internal</Filter>
    </ClInclude>
    <ClInclude Include="..\internal\GrayScaleLayerRenderCtrlBase.h">
      <Filter>internal</Filter>
    </ClInclude>
    <ClInclude Include="..\internal\VectorUniformLayerRenderCtrl.h">
      <Filter>internal</Filter>
    </ClInclude>
    <ClInclude Include="..\internal\VectorUniformLayerRenderCtrlBase.h">
      <Filter>internal</Filter>
    </ClInclude>
    <ClInclude Include="..\internal\StandaloneToolDialog.h">
      <Filter>internal</Filter>
    </ClInclude>
    <ClInclude Include="..\internal\StandaloneToolDialogBase.h">
      <Filter>internal</Filter>
    </ClInclude>
    <ClInclude Include="..\internal\DualRampLayerRenderCtrlBase.h">
      <Filter>internal</Filter>
    </ClInclude>
    <ClInclude Include="..\internal\DualRampLayerRenderCtrl.h">
      <Filter>internal</Filter>
    </ClInclude>
    <ClInclude Include="..\internal\ColorRampLayerRenderCtrlBase.h">
      <Filter>internal</Filter>
    </ClInclude>
    <ClInclude Include="..\internal\ColorRampLayerRenderCtrl.h">
      <Filter>internal</Filter>
    </ClInclude>
    <ClInclude Include="..\internal\PalettedLayerRenderCtrlBase.h">
      <Filter>internal</Filter>
    </ClInclude>
    <ClInclude Include="..\internal\PalettedLayerRenderCtrl.h">
      <Filter>internal</Filter>
    </ClInclude>
    <ClInclude Include="..\include\DrawRectTool.h">
      <Filter>include\Map</Filter>
    </ClInclude>
    <ClInclude Include="..\include\MapPanTool.h">
      <Filter>include\Map</Filter>
    </ClInclude>
    <ClInclude Include="..\include\MapZoomTool.h">
      <Filter>include\Map</Filter>
    </ClInclude>
    <ClInclude Include="..\include\RectZoomTool.h">
      <Filter>include\Map</Filter>
    </ClInclude>
    <ClInclude Include="..\include\wxGLGeoSurface.h">
      <Filter>include\Map</Filter>
    </ClInclude>
    <ClInclude Include="..\include\wxGLMapWidget.h">
      <Filter>include\Map</Filter>
    </ClInclude>
    <ClInclude Include="..\include\wxDatasetInfoDialog.h">
      <Filter>include\Widget</Filter>
    </ClInclude>
    <ClInclude Include="..\include\wxDatasetInfoWidget.h">
      <Filter>include\Widget</Filter>
    </ClInclude>
    <ClInclude Include="..\include\wxDataSourceWidget.h">
      <Filter>include\Widget</Filter>
    </ClInclude>
    <ClInclude Include="..\include\wxGLEagleEyeWidget.h">
      <Filter>include\Widget</Filter>
    </ClInclude>
    <ClInclude Include="..\include\wxGradientColorEditorWidget.h">
      <Filter>include\Widget</Filter>
    </ClInclude>
    <ClInclude Include="..\include\wxGradientColorPickerDialog.h">
      <Filter>include\Widget</Filter>
    </ClInclude>
    <ClInclude Include="..\include\wxGradientColorRepositoryWidget.h">
      <Filter>include\Widget</Filter>
    </ClInclude>
    <ClInclude Include="..\include\wxGradientColorWidget.h">
      <Filter>include\Widget</Filter>
    </ClInclude>
    <ClInclude Include="..\include\wxLayerPropertyDialog.h">
      <Filter>include\Widget</Filter>
    </ClInclude>
    <ClInclude Include="..\include\wxLayerRenderWidget.h">
      <Filter>include\Widget</Filter>
    </ClInclude>
    <ClInclude Include="..\include\wxLayerWidget.h">
      <Filter>include\Widget</Filter>
    </ClInclude>
    <ClInclude Include="..\include\wxSymbolLibraryWidget.h">
      <Filter>include\Widget</Filter>
    </ClInclude>
    <ClInclude Include="..\include\wxSymbolPickerWidget.h">
      <Filter>include\Widget</Filter>
    </ClInclude>
    <ClInclude Include="..\include\wxToolWidget.h">
      <Filter>include\Widget</Filter>
    </ClInclude>
    <ClInclude Include="..\include\wxGridCellColorEditor.h">
      <Filter>include\Widget</Filter>
    </ClInclude>
    <ClInclude Include="..\include\wxGridCellColorRenderer.h">
      <Filter>include\Widget</Filter>
    </ClInclude>
    <ClInclude Include="..\include\wxGridPaletteTable.h">
      <Filter>include\Widget</Filter>
    </ClInclude>
  </ItemGroup>
  <ItemGroup>
    <ClCompile Include="..\src\wxTGisApplication.cpp">
      <Filter>src</Filter>
    </ClCompile>
    <ClCompile Include="..\internal\RgbLayerRenderCtrlBase.cpp">
      <Filter>internal</Filter>
    </ClCompile>
    <ClCompile Include="..\internal\RgbLayerRenderCtrl.cpp">
      <Filter>internal</Filter>
    </ClCompile>
    <ClCompile Include="..\internal\GrayScaleLayerRenderCtrl.cpp">
      <Filter>internal</Filter>
    </ClCompile>
    <ClCompile Include="..\internal\GrayScaleLayerRenderCtrlBase.cpp">
      <Filter>internal</Filter>
    </ClCompile>
    <ClCompile Include="..\internal\VectorUniformLayerRenderCtrl.cpp">
      <Filter>internal</Filter>
    </ClCompile>
    <ClCompile Include="..\internal\VectorUniformLayerRenderCtrlBase.cpp">
      <Filter>internal</Filter>
    </ClCompile>
    <ClCompile Include="..\internal\StandaloneToolDialog.cpp">
      <Filter>internal</Filter>
    </ClCompile>
    <ClCompile Include="..\internal\StandaloneToolDialogBase.cpp">
      <Filter>internal</Filter>
    </ClCompile>
    <ClCompile Include="..\internal\DualRampLayerRenderCtrlBase.cpp">
      <Filter>internal</Filter>
    </ClCompile>
    <ClCompile Include="..\internal\DualRampLayerRenderCtrl.cpp">
      <Filter>internal</Filter>
    </ClCompile>
    <ClCompile Include="..\internal\ColorRampLayerRenderCtrlBase.cpp">
      <Filter>internal</Filter>
    </ClCompile>
    <ClCompile Include="..\internal\ColorRampLayerRenderCtrl.cpp">
      <Filter>internal</Filter>
    </ClCompile>
    <ClCompile Include="..\internal\PalettedLayerRenderCtrlBase.cpp">
      <Filter>internal</Filter>
    </ClCompile>
    <ClCompile Include="..\internal\PalettedLayerRenderCtrl.cpp">
      <Filter>internal</Filter>
    </ClCompile>
    <ClCompile Include="..\src\DrawRectTool.cpp">
      <Filter>src\Map</Filter>
    </ClCompile>
    <ClCompile Include="..\src\MapPanTool.cpp">
      <Filter>src\Map</Filter>
    </ClCompile>
    <ClCompile Include="..\src\MapZoomTool.cpp">
      <Filter>src\Map</Filter>
    </ClCompile>
    <ClCompile Include="..\src\RectZoomTool.cpp">
      <Filter>src\Map</Filter>
    </ClCompile>
    <ClCompile Include="..\src\wxGLGeoSurface.cpp">
      <Filter>src\Map</Filter>
    </ClCompile>
    <ClCompile Include="..\src\wxGLMapWidget.cpp">
      <Filter>src\Map</Filter>
    </ClCompile>
    <ClCompile Include="..\src\wxDatasetInfoDialog.cpp">
      <Filter>src\Widget</Filter>
    </ClCompile>
    <ClCompile Include="..\src\wxDatasetInfoWidget.cpp">
      <Filter>src\Widget</Filter>
    </ClCompile>
    <ClCompile Include="..\src\wxDataSourceWidget.cpp">
      <Filter>src\Widget</Filter>
    </ClCompile>
    <ClCompile Include="..\src\wxGLEagleEyeWidget.cpp">
      <Filter>src\Widget</Filter>
    </ClCompile>
    <ClCompile Include="..\src\wxGradientColorEditorWidget.cpp">
      <Filter>src\Widget</Filter>
    </ClCompile>
    <ClCompile Include="..\src\wxGradientColorPickerDialog.cpp">
      <Filter>src\Widget</Filter>
    </ClCompile>
    <ClCompile Include="..\src\wxGradientColorRepositoryWidget.cpp">
      <Filter>src\Widget</Filter>
    </ClCompile>
    <ClCompile Include="..\src\wxGradientColorWidget.cpp">
      <Filter>src\Widget</Filter>
    </ClCompile>
    <ClCompile Include="..\src\wxLayerPropertyDialog.cpp">
      <Filter>src\Widget</Filter>
    </ClCompile>
    <ClCompile Include="..\src\wxLayerRenderWidget.cpp">
      <Filter>src\Widget</Filter>
    </ClCompile>
    <ClCompile Include="..\src\wxLayerWidget.cpp">
      <Filter>src\Widget</Filter>
    </ClCompile>
    <ClCompile Include="..\src\wxSymbolLibraryWidget.cpp">
      <Filter>src\Widget</Filter>
    </ClCompile>
    <ClCompile Include="..\src\wxSymbolPickerWidget.cpp">
      <Filter>src\Widget</Filter>
    </ClCompile>
    <ClCompile Include="..\src\wxToolWidget.cpp">
      <Filter>src\Widget</Filter>
    </ClCompile>
    <ClCompile Include="..\src\wxGridCellColorEditor.cpp">
      <Filter>src\Widget</Filter>
    </ClCompile>
    <ClCompile Include="..\src\wxGridCellColorRenderer.cpp">
      <Filter>src\Widget</Filter>
    </ClCompile>
    <ClCompile Include="..\src\wxGridPaletteTable.cpp">
      <Filter>src\Widget</Filter>
    </ClCompile>
  </ItemGroup>
  <ItemGroup>
    <None Include="..\internal\RgbLayerRanderCtrl.fbp">
      <Filter>internal</Filter>
    </None>
    <None Include="..\internal\GrayScaleLayerRenderCtrl.fbp">
      <Filter>internal</Filter>
    </None>
    <None Include="..\src\gdalinfo.inl">
      <Filter>src</Filter>
    </None>
    <None Include="..\src\ogrinfo.inl">
      <Filter>src</Filter>
    </None>
    <None Include="..\internal\VectorUniformLayerRenderCtrl.fbp">
      <Filter>internal</Filter>
    </None>
    <None Include="..\internal\StandaloneToolDialog.fbp">
      <Filter>internal</Filter>
    </None>
    <None Include="..\internal\DualRampLayerRenderCtrl.fbp">
      <Filter>internal</Filter>
    </None>
    <None Include="..\internal\ColorRampLayerRenderCtrl.fbp">
      <Filter>internal</Filter>
    </None>
    <None Include="..\internal\PalettedLayerRenderCtrl.fbp">
      <Filter>internal</Filter>
    </None>
  </ItemGroup>
</Project>