<?xml version="1.0" encoding="utf-8"?>
<Project ToolsVersion="4.0" xmlns="http://schemas.microsoft.com/developer/msbuild/2003">
  <ItemGroup>
    <Filter Include="include">
      <UniqueIdentifier>{2ffaa55e-2d39-473c-a32f-ace81ec4125e}</UniqueIdentifier>
      <Extensions>h;hh;hpp;hxx;hm;inl;inc;xsd</Extensions>
    </Filter>
    <Filter Include="src">
      <UniqueIdentifier>{4FC737F1-C7A5-4376-A066-2A32D752A2FF}</UniqueIdentifier>
      <Extensions>cpp;c;cc;cxx;def;odl;idl;hpj;bat;asm;asmx</Extensions>
    </Filter>
    <Filter Include="internal">
      <UniqueIdentifier>{35090428-712b-4f1b-af89-a4bedb01bb6a}</UniqueIdentifier>
    </Filter>
  </ItemGroup>
  <ItemGroup>
    <ClInclude Include="..\include\tGis_wxGui.h">
      <Filter>include</Filter>
    </ClInclude>
    <ClInclude Include="..\include\tGis_wxGuiCfg.h">
      <Filter>include</Filter>
    </ClInclude>
    <ClInclude Include="..\include\wxGLGeoSurface.h">
      <Filter>include</Filter>
    </ClInclude>
    <ClInclude Include="..\include\wxGLMapWidget.h">
      <Filter>include</Filter>
    </ClInclude>
    <ClInclude Include="..\include\DrawRectTool.h">
      <Filter>include</Filter>
    </ClInclude>
    <ClInclude Include="..\include\MapPanTool.h">
      <Filter>include</Filter>
    </ClInclude>
    <ClInclude Include="..\include\MapZoomTool.h">
      <Filter>include</Filter>
    </ClInclude>
    <ClInclude Include="..\include\RectZoomTool.h">
      <Filter>include</Filter>
    </ClInclude>
    <ClInclude Include="..\include\wxDataSourceWidget.h">
      <Filter>include</Filter>
    </ClInclude>
    <ClInclude Include="..\include\wxLayerWidget.h">
      <Filter>include</Filter>
    </ClInclude>
    <ClInclude Include="..\include\wxToolWidget.h">
      <Filter>include</Filter>
    </ClInclude>
    <ClInclude Include="..\include\wxTGisApplication.h">
      <Filter>include</Filter>
    </ClInclude>
    <ClInclude Include="..\include\wxGLEagleEyeWidget.h">
      <Filter>include</Filter>
    </ClInclude>
    <ClInclude Include="..\include\wxLayerPropertyDialog.h">
      <Filter>include</Filter>
    </ClInclude>
    <ClInclude Include="..\internal\RgbLayerRenderCtrlBase.h">
      <Filter>internal</Filter>
    </ClInclude>
    <ClInclude Include="..\internal\RgbLayerRenderCtrl.h">
      <Filter>internal</Filter>
    </ClInclude>
    <ClInclude Include="..\internal\ILayerRenderCtrl.h">
      <Filter>internal</Filter>
    </ClInclude>
    <ClInclude Include="..\internal\GrayScaleLayerRenderCtrl.h">
      <Filter>internal</Filter>
    </ClInclude>
    <ClInclude Include="..\internal\GrayScaleLayerRenderCtrlBase.h">
      <Filter>internal</Filter>
    </ClInclude>
    <ClInclude Include="..\internal\ColorRampLayerRenderCtrl.h">
      <Filter>internal</Filter>
    </ClInclude>
    <ClInclude Include="..\internal\ColorRampLayerRenderCtrlBase.h">
      <Filter>internal</Filter>
    </ClInclude>
    <ClInclude Include="..\include\wxDatasetInfoWidget.h">
      <Filter>include</Filter>
    </ClInclude>
    <ClInclude Include="..\include\wxLayerRenderWidget.h">
      <Filter>include</Filter>
    </ClInclude>
    <ClInclude Include="..\include\wxSymbolLibraryWidget.h">
      <Filter>include</Filter>
    </ClInclude>
    <ClInclude Include="..\include\wxSymbolPickerWidget.h">
      <Filter>include</Filter>
    </ClInclude>
    <ClInclude Include="..\internal\VectorUniformLayerRenderCtrl.h">
      <Filter>internal</Filter>
    </ClInclude>
    <ClInclude Include="..\internal\VectorUniformLayerRenderCtrlBase.h">
      <Filter>internal</Filter>
    </ClInclude>
  </ItemGroup>
  <ItemGroup>
    <ClCompile Include="..\src\wxGLGeoSurface.cpp">
      <Filter>src</Filter>
    </ClCompile>
    <ClCompile Include="..\src\wxGLMapWidget.cpp">
      <Filter>src</Filter>
    </ClCompile>
    <ClCompile Include="..\src\RectZoomTool.cpp">
      <Filter>src</Filter>
    </ClCompile>
    <ClCompile Include="..\src\DrawRectTool.cpp">
      <Filter>src</Filter>
    </ClCompile>
    <ClCompile Include="..\src\MapPanTool.cpp">
      <Filter>src</Filter>
    </ClCompile>
    <ClCompile Include="..\src\MapZoomTool.cpp">
      <Filter>src</Filter>
    </ClCompile>
    <ClCompile Include="..\src\wxToolWidget.cpp">
      <Filter>src</Filter>
    </ClCompile>
    <ClCompile Include="..\src\wxLayerWidget.cpp">
      <Filter>src</Filter>
    </ClCompile>
    <ClCompile Include="..\src\wxDataSourceWidget.cpp">
      <Filter>src</Filter>
    </ClCompile>
    <ClCompile Include="..\src\wxTGisApplication.cpp">
      <Filter>src</Filter>
    </ClCompile>
    <ClCompile Include="..\src\wxGLEagleEyeWidget.cpp">
      <Filter>src</Filter>
    </ClCompile>
    <ClCompile Include="..\src\wxLayerPropertyDialog.cpp">
      <Filter>src</Filter>
    </ClCompile>
    <ClCompile Include="..\internal\RgbLayerRenderCtrlBase.cpp">
      <Filter>internal</Filter>
    </ClCompile>
    <ClCompile Include="..\internal\RgbLayerRenderCtrl.cpp">
      <Filter>internal</Filter>
    </ClCompile>
    <ClCompile Include="..\internal\GrayScaleLayerRenderCtrl.cpp">
      <Filter>internal</Filter>
    </ClCompile>
    <ClCompile Include="..\internal\GrayScaleLayerRenderCtrlBase.cpp">
      <Filter>internal</Filter>
    </ClCompile>
    <ClCompile Include="..\internal\ColorRampLayerRenderCtrl.cpp">
      <Filter>internal</Filter>
    </ClCompile>
    <ClCompile Include="..\internal\ColorRampLayerRenderCtrlBase.cpp">
      <Filter>internal</Filter>
    </ClCompile>
    <ClCompile Include="..\src\wxDatasetInfoWidget.cpp">
      <Filter>src</Filter>
    </ClCompile>
    <ClCompile Include="..\src\wxLayerRenderWidget.cpp">
      <Filter>src</Filter>
    </ClCompile>
    <ClCompile Include="..\src\wxSymbolLibraryWidget.cpp">
      <Filter>src</Filter>
    </ClCompile>
    <ClCompile Include="..\src\wxSymbolPickerWidget.cpp">
      <Filter>src</Filter>
    </ClCompile>
    <ClCompile Include="..\internal\VectorUniformLayerRenderCtrl.cpp">
      <Filter>internal</Filter>
    </ClCompile>
    <ClCompile Include="..\internal\VectorUniformLayerRenderCtrlBase.cpp">
      <Filter>internal</Filter>
    </ClCompile>
  </ItemGroup>
  <ItemGroup>
    <None Include="..\internal\RgbLayerRanderCtrl.fbp">
      <Filter>internal</Filter>
    </None>
    <None Include="..\internal\GrayScaleLayerRenderCtrl.fbp">
      <Filter>internal</Filter>
    </None>
    <None Include="..\internal\ColorRampLayerRenderCtrl.fbp">
      <Filter>internal</Filter>
    </None>
    <None Include="..\src\gdalinfo.inl">
      <Filter>src</Filter>
    </None>
    <None Include="..\src\ogrinfo.inl">
      <Filter>src</Filter>
    </None>
    <None Include="..\internal\VectorUniformLayerRenderCtrl.fbp">
      <Filter>internal</Filter>
    </None>
  </ItemGroup>
</Project>