<?xml version="1.0" encoding="utf-8"?>
<Project ToolsVersion="4.0" xmlns="http://schemas.microsoft.com/developer/msbuild/2003">
  <ItemGroup>
    <Filter Include="include">
      <UniqueIdentifier>{93995380-89BD-4b04-88EB-625FBE52EBFB}</UniqueIdentifier>
      <Extensions>h;hh;hpp;hxx;hm;inl;inc;xsd</Extensions>
    </Filter>
    <Filter Include="src">
      <UniqueIdentifier>{4FC737F1-C7A5-4376-A066-2A32D752A2FF}</UniqueIdentifier>
      <Extensions>cpp;c;cc;cxx;def;odl;idl;hpj;bat;asm;asmx</Extensions>
    </Filter>
    <Filter Include="src\Entity">
      <UniqueIdentifier>{33bf6533-c182-438e-8302-fa06833422b4}</UniqueIdentifier>
    </Filter>
    <Filter Include="src\Organizer">
      <UniqueIdentifier>{1d5166c5-3ec5-4ec9-aa51-8bf1d78f0f82}</UniqueIdentifier>
    </Filter>
    <Filter Include="include\Symbol">
      <UniqueIdentifier>{0184bfc0-f865-4511-aa64-3c8fa4aa4352}</UniqueIdentifier>
    </Filter>
    <Filter Include="src\Symbol">
      <UniqueIdentifier>{b6080db8-1ca1-404c-b7e9-cb864fa69c8d}</UniqueIdentifier>
    </Filter>
    <Filter Include="include\Utility">
      <UniqueIdentifier>{9fa1e215-36f0-48f3-acdc-21add27f44f2}</UniqueIdentifier>
    </Filter>
    <Filter Include="src\Utility">
      <UniqueIdentifier>{697b2720-6965-4af5-a726-f16dd026e2f5}</UniqueIdentifier>
    </Filter>
    <Filter Include="include\Visualize">
      <UniqueIdentifier>{91dc278a-4944-49ea-9b04-d56e1c25bbb4}</UniqueIdentifier>
    </Filter>
    <Filter Include="src\Visualize">
      <UniqueIdentifier>{6e52a017-7fda-46b0-a299-c349b518b8d2}</UniqueIdentifier>
    </Filter>
    <Filter Include="internal">
      <UniqueIdentifier>{0634cb39-2006-4d5d-9b76-137a594c0d2c}</UniqueIdentifier>
    </Filter>
    <Filter Include="include\Entity">
      <UniqueIdentifier>{14988ec6-4961-4fa2-ad0d-b470527d6611}</UniqueIdentifier>
    </Filter>
    <Filter Include="include\Organizer">
      <UniqueIdentifier>{ff866a89-9e1d-4b9c-81c6-86269367443c}</UniqueIdentifier>
    </Filter>
  </ItemGroup>
  <ItemGroup>
    <ClInclude Include="include\RasterBandSeqBlockReader.h">
      <Filter>include\Utility</Filter>
    </ClInclude>
    <ClInclude Include="include\RasterBandSeqPixelReader.h">
      <Filter>include\Utility</Filter>
    </ClInclude>
    <ClInclude Include="include\RasterBandStorageBlockGridReader.h">
      <Filter>include\Utility</Filter>
    </ClInclude>
    <ClInclude Include="include\tEntity.h">
      <Filter>include\Entity</Filter>
    </ClInclude>
    <ClInclude Include="include\FileSystemDataSourceProvider.h">
      <Filter>include\Organizer</Filter>
    </ClInclude>
    <ClInclude Include="include\LayerProviderRepository.h">
      <Filter>include\Organizer</Filter>
    </ClInclude>
    <ClInclude Include="include\IDataSourceProvider.h">
      <Filter>include\Organizer</Filter>
    </ClInclude>
    <ClInclude Include="include\ILayerProvider.h">
      <Filter>include\Organizer</Filter>
    </ClInclude>
    <ClInclude Include="include\tOrganizer.h">
      <Filter>include\Organizer</Filter>
    </ClInclude>
    <ClInclude Include="include\IMapTool.h">
      <Filter>include\Visualize</Filter>
    </ClInclude>
    <ClInclude Include="include\IMapWidget.h">
      <Filter>include\Visualize</Filter>
    </ClInclude>
    <ClInclude Include="include\MapTool.h">
      <Filter>include\Visualize</Filter>
    </ClInclude>
    <ClInclude Include="include\MapWidget.h">
      <Filter>include\Visualize</Filter>
    </ClInclude>
    <ClInclude Include="include\FileSystemDataSource.h">
      <Filter>include\Entity</Filter>
    </ClInclude>
    <ClInclude Include="include\GeoSurface.h">
      <Filter>include\Entity</Filter>
    </ClInclude>
    <ClInclude Include="include\IDataset.h">
      <Filter>include\Entity</Filter>
    </ClInclude>
    <ClInclude Include="include\IDataSource.h">
      <Filter>include\Entity</Filter>
    </ClInclude>
    <ClInclude Include="include\IGeoSurface.h">
      <Filter>include\Entity</Filter>
    </ClInclude>
    <ClInclude Include="include\ILayer.h">
      <Filter>include\Entity</Filter>
    </ClInclude>
    <ClInclude Include="include\IMap.h">
      <Filter>include\Entity</Filter>
    </ClInclude>
    <ClInclude Include="include\Map.h">
      <Filter>include\Entity</Filter>
    </ClInclude>
    <ClInclude Include="include\MyGDALRasterDataset.h">
      <Filter>include\Entity</Filter>
    </ClInclude>
    <ClInclude Include="include\RasterGrayScaleLayer.h">
      <Filter>include\Entity</Filter>
    </ClInclude>
    <ClInclude Include="include\RasterLayer.h">
      <Filter>include\Entity</Filter>
    </ClInclude>
    <ClInclude Include="include\Helper.h">
      <Filter>include</Filter>
    </ClInclude>
    <ClInclude Include="include\DataSourceProviderRepository.h">
      <Filter>include\Organizer</Filter>
    </ClInclude>
    <ClInclude Include="include\IOverlayLayer.h">
      <Filter>include\Visualize</Filter>
    </ClInclude>
    <ClInclude Include="include\IOverlayObject.h">
      <Filter>include\Visualize</Filter>
    </ClInclude>
    <ClInclude Include="include\OverlayLayer.h">
      <Filter>include\Visualize</Filter>
    </ClInclude>
    <ClInclude Include="include\ISurface.h">
      <Filter>include\Entity</Filter>
    </ClInclude>
    <ClInclude Include="include\ISymbol.h">
      <Filter>include\Symbol</Filter>
    </ClInclude>
    <ClInclude Include="include\SimpleFillSymbol.h">
      <Filter>include\Symbol</Filter>
    </ClInclude>
    <ClInclude Include="include\SimpleLineSymbol.h">
      <Filter>include\Symbol</Filter>
    </ClInclude>
    <ClInclude Include="include\SimpleMarkerSymbol.h">
      <Filter>include\Symbol</Filter>
    </ClInclude>
    <ClInclude Include="include\MyGDALVectorDataset.h">
      <Filter>include\Entity</Filter>
    </ClInclude>
    <ClInclude Include="include\Layer.h">
      <Filter>include\Entity</Filter>
    </ClInclude>
    <ClInclude Include="include\VectorSimpleLayer.h">
      <Filter>include\Entity</Filter>
    </ClInclude>
    <ClInclude Include="include\VectorLayer.h">
      <Filter>include\Entity</Filter>
    </ClInclude>
    <ClInclude Include="include\VectorSimpleLayerProvider.h">
      <Filter>include\Organizer</Filter>
    </ClInclude>
    <ClInclude Include="include\RasterGrayScaleLayerProvider.h">
      <Filter>include\Organizer</Filter>
    </ClInclude>
    <ClInclude Include="include\ISymbolLibrary.h">
      <Filter>include\Symbol</Filter>
    </ClInclude>
    <ClInclude Include="include\SimpleSymbolLibrary.h">
      <Filter>include\Symbol</Filter>
    </ClInclude>
    <ClInclude Include="include\SymbolLibraryRepository.h">
      <Filter>include\Symbol</Filter>
    </ClInclude>
    <ClInclude Include="include\tSymbol.h">
      <Filter>include\Symbol</Filter>
    </ClInclude>
    <ClInclude Include="include\Statistics.h">
      <Filter>include\Utility</Filter>
    </ClInclude>
    <ClInclude Include="include\tUtility.h">
      <Filter>include\Utility</Filter>
    </ClInclude>
    <ClInclude Include="include\tVisualize.h">
      <Filter>include\Visualize</Filter>
    </ClInclude>
    <ClInclude Include="include\RasterRgbLayer.h">
      <Filter>include\Entity</Filter>
    </ClInclude>
    <ClInclude Include="include\RasterRgbLayerProvider.h">
      <Filter>include\Organizer</Filter>
    </ClInclude>
    <ClInclude Include="internal\VisualizeBufferManager.h">
      <Filter>internal</Filter>
    </ClInclude>
    <ClInclude Include="internal\elr_mtx.h">
      <Filter>internal</Filter>
    </ClInclude>
    <ClInclude Include="include\OverlayRect.h">
      <Filter>include\Visualize</Filter>
    </ClInclude>
    <ClInclude Include="include\ITGisObject.h">
      <Filter>include\Entity</Filter>
    </ClInclude>
    <ClInclude Include="include\RasterBinaryGrayScaleLayer.h">
      <Filter>include\Entity</Filter>
    </ClInclude>
    <ClInclude Include="include\RasterBinaryGrayScaleLayerProvider.h">
      <Filter>include\Organizer</Filter>
    </ClInclude>
    <ClInclude Include="include\ObjectSampleDataSource.h">
      <Filter>include\Entity</Filter>
    </ClInclude>
    <ClInclude Include="include\ObjectSampleDataSourceProvider.h">
      <Filter>include\Organizer</Filter>
    </ClInclude>
    <ClInclude Include="include\MyGDALDataset.h">
      <Filter>include\Entity</Filter>
    </ClInclude>
    <ClInclude Include="include\MyGDALFileRasterDataset.h">
      <Filter>include\Entity</Filter>
    </ClInclude>
    <ClInclude Include="include\MyGDALMemRasterDataset.h">
      <Filter>include\Entity</Filter>
    </ClInclude>
    <ClInclude Include="include\DataSourceProvider.h">
      <Filter>include\Organizer</Filter>
    </ClInclude>
    <ClInclude Include="include\MemoryDataSourceProvider.h">
      <Filter>include\Organizer</Filter>
    </ClInclude>
    <ClInclude Include="include\LayerProvider.h">
      <Filter>include\Organizer</Filter>
    </ClInclude>
    <ClInclude Include="include\MemoryDataSource.h">
      <Filter>include\Entity</Filter>
    </ClInclude>
    <ClInclude Include="include\DataSource.h">
      <Filter>include\Entity</Filter>
    </ClInclude>
    <ClInclude Include="include\Dataset.h">
      <Filter>include\Entity</Filter>
    </ClInclude>
    <ClInclude Include="include\Event.h">
      <Filter>include</Filter>
    </ClInclude>
    <ClInclude Include="include\ITool.h">
      <Filter>include\Utility</Filter>
    </ClInclude>
    <ClInclude Include="include\ToolKit.h">
      <Filter>include\Utility</Filter>
    </ClInclude>
    <ClInclude Include="include\ToolKitRepository.h">
      <Filter>include\Organizer</Filter>
    </ClInclude>
    <ClInclude Include="include\Tool.h">
      <Filter>include\Utility</Filter>
    </ClInclude>
    <ClInclude Include="include\EventBase.h">
      <Filter>include</Filter>
    </ClInclude>
    <ClInclude Include="include\TGisApplication.h">
      <Filter>include\Organizer</Filter>
    </ClInclude>
    <ClInclude Include="include\RasterWriter.h">
      <Filter>include\Utility</Filter>
    </ClInclude>
    <ClInclude Include="include\GeoViewPort.h">
      <Filter>include\Entity</Filter>
    </ClInclude>
    <ClInclude Include="include\IWidget.h">
      <Filter>include\Visualize</Filter>
    </ClInclude>
    <ClInclude Include="internal\Plugin.h">
      <Filter>internal</Filter>
    </ClInclude>
    <ClInclude Include="internal\PluginManager.h">
      <Filter>internal</Filter>
    </ClInclude>
    <ClInclude Include="include\tGisCore.h">
      <Filter>include</Filter>
    </ClInclude>
    <ClInclude Include="include\tGisCoreCfg.h">
      <Filter>include</Filter>
    </ClInclude>
  </ItemGroup>
  <ItemGroup>
    <ClCompile Include="src\FileSystemDataSourceProvider.cpp">
      <Filter>src\Organizer</Filter>
    </ClCompile>
    <ClCompile Include="src\LayerProviderRepository.cpp">
      <Filter>src\Organizer</Filter>
    </ClCompile>
    <ClCompile Include="src\RasterBandStorageBlockGridReader.cpp">
      <Filter>src\Utility</Filter>
    </ClCompile>
    <ClCompile Include="src\RasterBandSeqPixelReader.cpp">
      <Filter>src\Utility</Filter>
    </ClCompile>
    <ClCompile Include="src\RasterBandSeqBlockReader.cpp">
      <Filter>src\Utility</Filter>
    </ClCompile>
    <ClCompile Include="src\MapTool.cpp">
      <Filter>src\Visualize</Filter>
    </ClCompile>
    <ClCompile Include="src\MapWidget.cpp">
      <Filter>src\Visualize</Filter>
    </ClCompile>
    <ClCompile Include="src\RasterLayer.cpp">
      <Filter>src\Entity</Filter>
    </ClCompile>
    <ClCompile Include="src\FileSystemDataSource.cpp">
      <Filter>src\Entity</Filter>
    </ClCompile>
    <ClCompile Include="src\GeoSurface.cpp">
      <Filter>src\Entity</Filter>
    </ClCompile>
    <ClCompile Include="src\Map.cpp">
      <Filter>src\Entity</Filter>
    </ClCompile>
    <ClCompile Include="src\MyGDALRasterDataset.cpp">
      <Filter>src\Entity</Filter>
    </ClCompile>
    <ClCompile Include="src\RasterGrayScaleLayer.cpp">
      <Filter>src\Entity</Filter>
    </ClCompile>
    <ClCompile Include="src\DataSourceProviderRepository.cpp">
      <Filter>src\Organizer</Filter>
    </ClCompile>
    <ClCompile Include="src\OverlayLayer.cpp">
      <Filter>src\Visualize</Filter>
    </ClCompile>
    <ClCompile Include="src\SimpleFillSymbol.cpp">
      <Filter>src\Symbol</Filter>
    </ClCompile>
    <ClCompile Include="src\SimpleLineSymbol.cpp">
      <Filter>src\Symbol</Filter>
    </ClCompile>
    <ClCompile Include="src\SimpleMarkerSymbol.cpp">
      <Filter>src\Symbol</Filter>
    </ClCompile>
    <ClCompile Include="src\MyGDALVectorDataset.cpp">
      <Filter>src\Entity</Filter>
    </ClCompile>
    <ClCompile Include="src\Layer.cpp">
      <Filter>src\Entity</Filter>
    </ClCompile>
    <ClCompile Include="src\VectorSimpleLayer.cpp">
      <Filter>src\Entity</Filter>
    </ClCompile>
    <ClCompile Include="src\VectorLayer.cpp">
      <Filter>src\Entity</Filter>
    </ClCompile>
    <ClCompile Include="src\RasterGrayScaleLayerProvider.cpp">
      <Filter>src\Organizer</Filter>
    </ClCompile>
    <ClCompile Include="src\VectorSimpleLayerProvider.cpp">
      <Filter>src\Organizer</Filter>
    </ClCompile>
    <ClCompile Include="src\SimpleSymbolLibrary.cpp">
      <Filter>src\Symbol</Filter>
    </ClCompile>
    <ClCompile Include="src\SymbolLibraryRepository.cpp">
      <Filter>src\Symbol</Filter>
    </ClCompile>
    <ClCompile Include="src\Statistics.cpp">
      <Filter>src\Utility</Filter>
    </ClCompile>
    <ClCompile Include="src\RasterRgbLayer.cpp">
      <Filter>src\Entity</Filter>
    </ClCompile>
    <ClCompile Include="src\RasterRgbLayerProvider.cpp">
      <Filter>src\Organizer</Filter>
    </ClCompile>
    <ClCompile Include="internal\VisualizeBufferManager.cpp">
      <Filter>internal</Filter>
    </ClCompile>
    <ClCompile Include="internal\elr_mtx.c">
      <Filter>internal</Filter>
    </ClCompile>
    <ClCompile Include="include\tVisualize.cpp">
      <Filter>src\Visualize</Filter>
    </ClCompile>
    <ClCompile Include="src\OverlayRect.cpp">
      <Filter>src\Visualize</Filter>
    </ClCompile>
    <ClCompile Include="src\ITGisObject.cpp">
      <Filter>src\Entity</Filter>
    </ClCompile>
    <ClCompile Include="src\RasterBinaryGrayScaleLayer.cpp">
      <Filter>src\Entity</Filter>
    </ClCompile>
    <ClCompile Include="src\RasterBinaryGrayScaleLayerProvider.cpp">
      <Filter>src\Organizer</Filter>
    </ClCompile>
    <ClCompile Include="src\ObjectSampleDataSource.cpp">
      <Filter>src\Entity</Filter>
    </ClCompile>
    <ClCompile Include="src\ObjectSampleDataSourceProvider.cpp">
      <Filter>src\Organizer</Filter>
    </ClCompile>
    <ClCompile Include="src\MyGDALDataset.cpp">
      <Filter>src\Entity</Filter>
    </ClCompile>
    <ClCompile Include="src\MyGDALMemRasterDataset.cpp">
      <Filter>src\Entity</Filter>
    </ClCompile>
    <ClCompile Include="src\MyGDALFileRasterDataset.cpp">
      <Filter>src\Entity</Filter>
    </ClCompile>
    <ClCompile Include="src\DataSourceProvider.cpp">
      <Filter>src\Organizer</Filter>
    </ClCompile>
    <ClCompile Include="src\MemoryDataSourceProvider.cpp">
      <Filter>src\Organizer</Filter>
    </ClCompile>
    <ClCompile Include="src\LayerProvider.cpp">
      <Filter>src\Organizer</Filter>
    </ClCompile>
    <ClCompile Include="src\MemoryDataSource.cpp">
      <Filter>src\Entity</Filter>
    </ClCompile>
    <ClCompile Include="src\DataSource.cpp">
      <Filter>src\Entity</Filter>
    </ClCompile>
    <ClCompile Include="src\Dataset.cpp">
      <Filter>src\Entity</Filter>
    </ClCompile>
    <ClCompile Include="src\ToolKitRepository.cpp">
      <Filter>src\Organizer</Filter>
    </ClCompile>
    <ClCompile Include="src\ToolKit.cpp">
      <Filter>src\Utility</Filter>
    </ClCompile>
    <ClCompile Include="src\Tool.cpp">
      <Filter>src\Utility</Filter>
    </ClCompile>
    <ClCompile Include="src\EventBase.cpp">
      <Filter>src</Filter>
    </ClCompile>
    <ClCompile Include="src\TGisApplication.cpp">
      <Filter>src\Organizer</Filter>
    </ClCompile>
    <ClCompile Include="src\RasterWriter.cpp">
      <Filter>src\Utility</Filter>
    </ClCompile>
    <ClCompile Include="src\Helper.cpp">
      <Filter>src</Filter>
    </ClCompile>
    <ClCompile Include="src\GeoViewPort.cpp">
      <Filter>src\Entity</Filter>
    </ClCompile>
    <ClCompile Include="internal\Plugin.cpp">
      <Filter>internal</Filter>
    </ClCompile>
    <ClCompile Include="internal\PluginManager.cpp">
      <Filter>internal</Filter>
    </ClCompile>
  </ItemGroup>
</Project>